
Microsoft Visual Studio Solution File, Format Version 11.00
# Visual Studio 2010
Project("{FAE04EC0-301F-11D3-BF4B-00C04F79EFBC}") = "Assembly-CSharp", "Assembly-CSharp.csproj", "{db4ec348-44a9-3472-3507-0cc85ced207d}"
EndProject
Project("{FAE04EC0-301F-11D3-BF4B-00C04F79EFBC}") = "Assembly-CSharp-Editor", "Assembly-CSharp-Editor.csproj", "{4360ded3-6f53-d869-d7ce-734f079e59ed}"
EndProject
Global
	GlobalSection(SolutionConfigurationPlatforms) = preSolution
		Debug|Any CPU = Debug|Any CPU
		Release|Any CPU = Release|Any CPU
	EndGlobalSection
	GlobalSection(ProjectConfigurationPlatforms) = postSolution
		{db4ec348-44a9-3472-3507-0cc85ced207d}.Debug|Any CPU.ActiveCfg = Debug|Any CPU
		{db4ec348-44a9-3472-3507-0cc85ced207d}.Debug|Any CPU.Build.0 = Debug|Any CPU
		{db4ec348-44a9-3472-3507-0cc85ced207d}.Release|Any CPU.ActiveCfg = Release|Any CPU
		{db4ec348-44a9-3472-3507-0cc85ced207d}.Release|Any CPU.Build.0 = Release|Any CPU
		{4360ded3-6f53-d869-d7ce-734f079e59ed}.Debug|Any CPU.ActiveCfg = Debug|Any CPU
		{4360ded3-6f53-d869-d7ce-734f079e59ed}.Debug|Any CPU.Build.0 = Debug|Any CPU
		{4360ded3-6f53-d869-d7ce-734f079e59ed}.Release|Any CPU.ActiveCfg = Release|Any CPU
		{4360ded3-6f53-d869-d7ce-734f079e59ed}.Release|Any CPU.Build.0 = Release|Any CPU
	EndGlobalSection
	GlobalSection(SolutionProperties) = preSolution
		HideSolutionNode = FALSE
	EndGlobalSection
EndGlobal
